<?xml version="1.0" encoding="UTF-8"?>
<Scheme LastUpgradeVersion="2600" version="1.3"><BuildAction parallelizeBuildables="YES" buildImplicitDependencies="YES"><BuildActionEntries><BuildActionEntry buildForTesting="YES" buildForRunning="YES" buildForProfiling="YES" buildForArchiving="YES" buildForAnalyzing="YES"><BuildableReference BuildableIdentifier="primary" BlueprintIdentifier="00000000000000000000001E" BuildableName="Vouchhunter.app" BlueprintName="Vouchhunter" ReferencedContainer="container:Vouchhunter.xcodeproj"/></BuildActionEntry></BuildActionEntries></BuildAction><TestAction buildConfiguration="Debug"/><LaunchAction buildConfiguration="Debug" selectedDebuggerIdentifier="Xcode.DebuggerFoundation.Debugger.LLDB" selectedLauncherIdentifier="Xcode.IDEFoundation.Launcher.LLDB" launchStyle="0" useCustomWorkingDirectory="NO" ignoresPersistentStateOnLaunch="NO" debugDocumentVersioning="YES" allowLocationSimulation="YES"><BuildableProductRunnable runnableDebuggingMode="0"><BuildableReference BuildableIdentifier="primary" BlueprintIdentifier="00000000000000000000001E" BuildableName="Vouchhunter.app" BlueprintName="Vouchhunter" ReferencedContainer="container:Vouchhunter.xcodeproj"/></BuildableProductRunnable><CommandLineArguments><CommandLineArgument argument="--preview-hunt" isEnabled="YES"/></CommandLineArguments></LaunchAction><ProfileAction buildConfiguration="Release" shouldUseLaunchSchemeArgsEnv="YES" savedToolIdentifier="" useCustomWorkingDirectory="NO" debugDocumentVersioning="YES"/><AnalyzeAction buildConfiguration="Debug"/><ArchiveAction buildConfiguration="Release" revealArchiveInOrganizer="YES"/></Scheme>